
Microsoft Visual Studio Solution File, Format Version 12.00
# Visual Studio 15
VisualStudioVersion = 15.0.28307.1022
MinimumVisualStudioVersion = 10.0.40219.1
Project("{FAE04EC0-301F-11D3-BF4B-00C04F79EFBC}") = "XFPages.Android", "XFPages\XFPages.Android\XFPages.Android.csproj", "{F4E2C95F-2AD3-44FE-A12F-D859F71492FB}"
EndProject
Project("{FAE04EC0-301F-11D3-BF4B-00C04F79EFBC}") = "XFPages.iOS", "XFPages\XFPages.iOS\XFPages.iOS.csproj", "{97CD66E8-E8E3-4989-B64C-C582DDCA0A19}"
EndProject
Project("{FAE04EC0-301F-11D3-BF4B-00C04F79EFBC}") = "XFPages.UWP", "XFPages\XFPages.UWP\XFPages.UWP.csproj", "{95E58A1B-2DB3-4414-A21A-E6A9C95BE6F6}"
EndProject
Project("{FAE04EC0-301F-11D3-BF4B-00C04F79EFBC}") = "XFPages", "XFPages\XFPages\XFPages.csproj", "{645BDE67-B5EB-422A-8AC6-B83E9824C8D8}"
EndProject
Global
	GlobalSection(SolutionConfigurationPlatforms) = preSolution
		Ad-Hoc|Any CPU = Ad-Hoc|Any CPU
		Ad-Hoc|ARM = Ad-Hoc|ARM
		Ad-Hoc|iPhone = Ad-Hoc|iPhone
		Ad-Hoc|iPhoneSimulator = Ad-Hoc|iPhoneSimulator
		Ad-Hoc|x64 = Ad-Hoc|x64
		Ad-Hoc|x86 = Ad-Hoc|x86
		AppStore|Any CPU = AppStore|Any CPU
		AppStore|ARM = AppStore|ARM
		AppStore|iPhone = AppStore|iPhone
		AppStore|iPhoneSimulator = AppStore|iPhoneSimulator
		AppStore|x64 = AppStore|x64
		AppStore|x86 = AppStore|x86
		Debug|Any CPU = Debug|Any CPU
		Debug|ARM = Debug|ARM
		Debug|iPhone = Debug|iPhone
		Debug|iPhoneSimulator = Debug|iPhoneSimulator
		Debug|x64 = Debug|x64
		Debug|x86 = Debug|x86
		Release|Any CPU = Release|Any CPU
		Release|ARM = Release|ARM
		Release|iPhone = Release|iPhone
		Release|iPhoneSimulator = Release|iPhoneSimulator
		Release|x64 = Release|x64
		Release|x86 = Release|x86
	EndGlobalSection
	GlobalSection(ProjectConfigurationPlatforms) = postSolution
		{F4E2C95F-2AD3-44FE-A12F-D859F71492FB}.Ad-Hoc|Any CPU.ActiveCfg = Release|Any CPU
		{F4E2C95F-2AD3-44FE-A12F-D859F71492FB}.Ad-Hoc|Any CPU.Build.0 = Release|Any CPU
		{F4E2C95F-2AD3-44FE-A12F-D859F71492FB}.Ad-Hoc|Any CPU.Deploy.0 = Release|Any CPU
		{F4E2C95F-2AD3-44FE-A12F-D859F71492FB}.Ad-Hoc|ARM.ActiveCfg = Release|Any CPU
		{F4E2C95F-2AD3-44FE-A12F-D859F71492FB}.Ad-Hoc|ARM.Build.0 = Release|Any CPU
		{F4E2C95F-2AD3-44FE-A12F-D859F71492FB}.Ad-Hoc|ARM.Deploy.0 = Release|Any CPU
		{F4E2C95F-2AD3-44FE-A12F-D859F71492FB}.Ad-Hoc|iPhone.ActiveCfg = Release|Any CPU
		{F4E2C95F-2AD3-44FE-A12F-D859F71492FB}.Ad-Hoc|iPhone.Build.0 = Release|Any CPU
		{F4E2C95F-2AD3-44FE-A12F-D859F71492FB}.Ad-Hoc|iPhone.Deploy.0 = Release|Any CPU
		{F4E2C95F-2AD3-44FE-A12F-D859F71492FB}.Ad-Hoc|iPhoneSimulator.ActiveCfg = Release|Any CPU
		{F4E2C95F-2AD3-44FE-A12F-D859F71492FB}.Ad-Hoc|iPhoneSimulator.Build.0 = Release|Any CPU
		{F4E2C95F-2AD3-44FE-A12F-D859F71492FB}.Ad-Hoc|iPhoneSimulator.Deploy.0 = Release|Any CPU
		{F4E2C95F-2AD3-44FE-A12F-D859F71492FB}.Ad-Hoc|x64.ActiveCfg = Release|Any CPU
		{F4E2C95F-2AD3-44FE-A12F-D859F71492FB}.Ad-Hoc|x64.Build.0 = Release|Any CPU
		{F4E2C95F-2AD3-44FE-A12F-D859F71492FB}.Ad-Hoc|x64.Deploy.0 = Release|Any CPU
		{F4E2C95F-2AD3-44FE-A12F-D859F71492FB}.Ad-Hoc|x86.ActiveCfg = Release|Any CPU
		{F4E2C95F-2AD3-44FE-A12F-D859F71492FB}.Ad-Hoc|x86.Build.0 = Release|Any CPU
		{F4E2C95F-2AD3-44FE-A12F-D859F71492FB}.Ad-Hoc|x86.Deploy.0 = Release|Any CPU
		{F4E2C95F-2AD3-44FE-A12F-D859F71492FB}.AppStore|Any CPU.ActiveCfg = Release|Any CPU
		{F4E2C95F-2AD3-44FE-A12F-D859F71492FB}.AppStore|Any CPU.Build.0 = Release|Any CPU
		{F4E2C95F-2AD3-44FE-A12F-D859F71492FB}.AppStore|Any CPU.Deploy.0 = Release|Any CPU
		{F4E2C95F-2AD3-44FE-A12F-D859F71492FB}.AppStore|ARM.ActiveCfg = Release|Any CPU
		{F4E2C95F-2AD3-44FE-A12F-D859F71492FB}.AppStore|ARM.Build.0 = Release|Any CPU
		{F4E2C95F-2AD3-44FE-A12F-D859F71492FB}.AppStore|ARM.Deploy.0 = Release|Any CPU
		{F4E2C95F-2AD3-44FE-A12F-D859F71492FB}.AppStore|iPhone.ActiveCfg = Release|Any CPU
		{F4E2C95F-2AD3-44FE-A12F-D859F71492FB}.AppStore|iPhone.Build.0 = Release|Any CPU
		{F4E2C95F-2AD3-44FE-A12F-D859F71492FB}.AppStore|iPhone.Deploy.0 = Release|Any CPU
		{F4E2C95F-2AD3-44FE-A12F-D859F71492FB}.AppStore|iPhoneSimulator.ActiveCfg = Release|Any CPU
		{F4E2C95F-2AD3-44FE-A12F-D859F71492FB}.AppStore|iPhoneSimulator.Build.0 = Release|Any CPU
		{F4E2C95F-2AD3-44FE-A12F-D859F71492FB}.AppStore|iPhoneSimulator.Deploy.0 = Release|Any CPU
		{F4E2C95F-2AD3-44FE-A12F-D859F71492FB}.AppStore|x64.ActiveCfg = Release|Any CPU
		{F4E2C95F-2AD3-44FE-A12F-D859F71492FB}.AppStore|x64.Build.0 = Release|Any CPU
		{F4E2C95F-2AD3-44FE-A12F-D859F71492FB}.AppStore|x64.Deploy.0 = Release|Any CPU
		{F4E2C95F-2AD3-44FE-A12F-D859F71492FB}.AppStore|x86.ActiveCfg = Release|Any CPU
		{F4E2C95F-2AD3-44FE-A12F-D859F71492FB}.AppStore|x86.Build.0 = Release|Any CPU
		{F4E2C95F-2AD3-44FE-A12F-D859F71492FB}.AppStore|x86.Deploy.0 = Release|Any CPU
		{F4E2C95F-2AD3-44FE-A12F-D859F71492FB}.Debug|Any CPU.ActiveCfg = Debug|Any CPU
		{F4E2C95F-2AD3-44FE-A12F-D859F71492FB}.Debug|Any CPU.Build.0 = Debug|Any CPU
		{F4E2C95F-2AD3-44FE-A12F-D859F71492FB}.Debug|Any CPU.Deploy.0 = Debug|Any CPU
		{F4E2C95F-2AD3-44FE-A12F-D859F71492FB}.Debug|ARM.ActiveCfg = Debug|Any CPU
		{F4E2C95F-2AD3-44FE-A12F-D859F71492FB}.Debug|ARM.Build.0 = Debug|Any CPU
		{F4E2C95F-2AD3-44FE-A12F-D859F71492FB}.Debug|ARM.Deploy.0 = Debug|Any CPU
		{F4E2C95F-2AD3-44FE-A12F-D859F71492FB}.Debug|iPhone.ActiveCfg = Debug|Any CPU
		{F4E2C95F-2AD3-44FE-A12F-D859F71492FB}.Debug|iPhone.Build.0 = Debug|Any CPU
		{F4E2C95F-2AD3-44FE-A12F-D859F71492FB}.Debug|iPhone.Deploy.0 = Debug|Any CPU
		{F4E2C95F-2AD3-44FE-A12F-D859F71492FB}.Debug|iPhoneSimulator.ActiveCfg = Debug|Any CPU
		{F4E2C95F-2AD3-44FE-A12F-D859F71492FB}.Debug|iPhoneSimulator.Build.0 = Debug|Any CPU
		{F4E2C95F-2AD3-44FE-A12F-D859F71492FB}.Debug|iPhoneSimulator.Deploy.0 = Debug|Any CPU
		{F4E2C95F-2AD3-44FE-A12F-D859F71492FB}.Debug|x64.ActiveCfg = Debug|Any CPU
		{F4E2C95F-2AD3-44FE-A12F-D859F71492FB}.Debug|x64.Build.0 = Debug|Any CPU
		{F4E2C95F-2AD3-44FE-A12F-D859F71492FB}.Debug|x64.Deploy.0 = Debug|Any CPU
		{F4E2C95F-2AD3-44FE-A12F-D859F71492FB}.Debug|x86.ActiveCfg = Debug|Any CPU
		{F4E2C95F-2AD3-44FE-A12F-D859F71492FB}.Debug|x86.Build.0 = Debug|Any CPU
		{F4E2C95F-2AD3-44FE-A12F-D859F71492FB}.Debug|x86.Deploy.0 = Debug|Any CPU
		{F4E2C95F-2AD3-44FE-A12F-D859F71492FB}.Release|Any CPU.ActiveCfg = Release|Any CPU
		{F4E2C95F-2AD3-44FE-A12F-D859F71492FB}.Release|Any CPU.Build.0 = Release|Any CPU
		{F4E2C95F-2AD3-44FE-A12F-D859F71492FB}.Release|Any CPU.Deploy.0 = Release|Any CPU
		{F4E2C95F-2AD3-44FE-A12F-D859F71492FB}.Release|ARM.ActiveCfg = Release|Any CPU
		{F4E2C95F-2AD3-44FE-A12F-D859F71492FB}.Release|ARM.Build.0 = Release|Any CPU
		{F4E2C95F-2AD3-44FE-A12F-D859F71492FB}.Release|ARM.Deploy.0 = Release|Any CPU
		{F4E2C95F-2AD3-44FE-A12F-D859F71492FB}.Release|iPhone.ActiveCfg = Release|Any CPU
		{F4E2C95F-2AD3-44FE-A12F-D859F71492FB}.Release|iPhone.Build.0 = Release|Any CPU
		{F4E2C95F-2AD3-44FE-A12F-D859F71492FB}.Release|iPhone.Deploy.0 = Release|Any CPU
		{F4E2C95F-2AD3-44FE-A12F-D859F71492FB}.Release|iPhoneSimulator.ActiveCfg = Release|Any CPU
		{F4E2C95F-2AD3-44FE-A12F-D859F71492FB}.Release|iPhoneSimulator.Build.0 = Release|Any CPU
		{F4E2C95F-2AD3-44FE-A12F-D859F71492FB}.Release|iPhoneSimulator.Deploy.0 = Release|Any CPU
		{F4E2C95F-2AD3-44FE-A12F-D859F71492FB}.Release|x64.ActiveCfg = Release|Any CPU
		{F4E2C95F-2AD3-44FE-A12F-D859F71492FB}.Release|x64.Build.0 = Release|Any CPU
		{F4E2C95F-2AD3-44FE-A12F-D859F71492FB}.Release|x64.Deploy.0 = Release|Any CPU
		{F4E2C95F-2AD3-44FE-A12F-D859F71492FB}.Release|x86.ActiveCfg = Release|Any CPU
		{F4E2C95F-2AD3-44FE-A12F-D859F71492FB}.Release|x86.Build.0 = Release|Any CPU
		{F4E2C95F-2AD3-44FE-A12F-D859F71492FB}.Release|x86.Deploy.0 = Release|Any CPU
		{97CD66E8-E8E3-4989-B64C-C582DDCA0A19}.Ad-Hoc|Any CPU.ActiveCfg = Ad-Hoc|iPhone
		{97CD66E8-E8E3-4989-B64C-C582DDCA0A19}.Ad-Hoc|Any CPU.Build.0 = Ad-Hoc|iPhone
		{97CD66E8-E8E3-4989-B64C-C582DDCA0A19}.Ad-Hoc|Any CPU.Deploy.0 = Ad-Hoc|iPhone
		{97CD66E8-E8E3-4989-B64C-C582DDCA0A19}.Ad-Hoc|ARM.ActiveCfg = Ad-Hoc|iPhone
		{97CD66E8-E8E3-4989-B64C-C582DDCA0A19}.Ad-Hoc|ARM.Build.0 = Ad-Hoc|iPhone
		{97CD66E8-E8E3-4989-B64C-C582DDCA0A19}.Ad-Hoc|ARM.Deploy.0 = Ad-Hoc|iPhone
		{97CD66E8-E8E3-4989-B64C-C582DDCA0A19}.Ad-Hoc|iPhone.ActiveCfg = Ad-Hoc|iPhone
		{97CD66E8-E8E3-4989-B64C-C582DDCA0A19}.Ad-Hoc|iPhone.Build.0 = Ad-Hoc|iPhone
		{97CD66E8-E8E3-4989-B64C-C582DDCA0A19}.Ad-Hoc|iPhone.Deploy.0 = Ad-Hoc|iPhone
		{97CD66E8-E8E3-4989-B64C-C582DDCA0A19}.Ad-Hoc|iPhoneSimulator.ActiveCfg = Ad-Hoc|iPhoneSimulator
		{97CD66E8-E8E3-4989-B64C-C582DDCA0A19}.Ad-Hoc|iPhoneSimulator.Build.0 = Ad-Hoc|iPhoneSimulator
		{97CD66E8-E8E3-4989-B64C-C582DDCA0A19}.Ad-Hoc|iPhoneSimulator.Deploy.0 = Ad-Hoc|iPhoneSimulator
		{97CD66E8-E8E3-4989-B64C-C582DDCA0A19}.Ad-Hoc|x64.ActiveCfg = Ad-Hoc|iPhone
		{97CD66E8-E8E3-4989-B64C-C582DDCA0A19}.Ad-Hoc|x64.Build.0 = Ad-Hoc|iPhone
		{97CD66E8-E8E3-4989-B64C-C582DDCA0A19}.Ad-Hoc|x64.Deploy.0 = Ad-Hoc|iPhone
		{97CD66E8-E8E3-4989-B64C-C582DDCA0A19}.Ad-Hoc|x86.ActiveCfg = Ad-Hoc|iPhone
		{97CD66E8-E8E3-4989-B64C-C582DDCA0A19}.Ad-Hoc|x86.Build.0 = Ad-Hoc|iPhone
		{97CD66E8-E8E3-4989-B64C-C582DDCA0A19}.Ad-Hoc|x86.Deploy.0 = Ad-Hoc|iPhone
		{97CD66E8-E8E3-4989-B64C-C582DDCA0A19}.AppStore|Any CPU.ActiveCfg = AppStore|iPhone
		{97CD66E8-E8E3-4989-B64C-C582DDCA0A19}.AppStore|Any CPU.Build.0 = AppStore|iPhone
		{97CD66E8-E8E3-4989-B64C-C582DDCA0A19}.AppStore|Any CPU.Deploy.0 = AppStore|iPhone
		{97CD66E8-E8E3-4989-B64C-C582DDCA0A19}.AppStore|ARM.ActiveCfg = AppStore|iPhone
		{97CD66E8-E8E3-4989-B64C-C582DDCA0A19}.AppStore|ARM.Build.0 = AppStore|iPhone
		{97CD66E8-E8E3-4989-B64C-C582DDCA0A19}.AppStore|ARM.Deploy.0 = AppStore|iPhone
		{97CD66E8-E8E3-4989-B64C-C582DDCA0A19}.AppStore|iPhone.ActiveCfg = AppStore|iPhone
		{97CD66E8-E8E3-4989-B64C-C582DDCA0A19}.AppStore|iPhone.Build.0 = AppStore|iPhone
		{97CD66E8-E8E3-4989-B64C-C582DDCA0A19}.AppStore|iPhone.Deploy.0 = AppStore|iPhone
		{97CD66E8-E8E3-4989-B64C-C582DDCA0A19}.AppStore|iPhoneSimulator.ActiveCfg = AppStore|iPhoneSimulator
		{97CD66E8-E8E3-4989-B64C-C582DDCA0A19}.AppStore|iPhoneSimulator.Build.0 = AppStore|iPhoneSimulator
		{97CD66E8-E8E3-4989-B64C-C582DDCA0A19}.AppStore|iPhoneSimulator.Deploy.0 = AppStore|iPhoneSimulator
		{97CD66E8-E8E3-4989-B64C-C582DDCA0A19}.AppStore|x64.ActiveCfg = AppStore|iPhone
		{97CD66E8-E8E3-4989-B64C-C582DDCA0A19}.AppStore|x64.Build.0 = AppStore|iPhone
		{97CD66E8-E8E3-4989-B64C-C582DDCA0A19}.AppStore|x64.Deploy.0 = AppStore|iPhone
		{97CD66E8-E8E3-4989-B64C-C582DDCA0A19}.AppStore|x86.ActiveCfg = AppStore|iPhone
		{97CD66E8-E8E3-4989-B64C-C582DDCA0A19}.AppStore|x86.Build.0 = AppStore|iPhone
		{97CD66E8-E8E3-4989-B64C-C582DDCA0A19}.AppStore|x86.Deploy.0 = AppStore|iPhone
		{97CD66E8-E8E3-4989-B64C-C582DDCA0A19}.Debug|Any CPU.ActiveCfg = Debug|iPhoneSimulator
		{97CD66E8-E8E3-4989-B64C-C582DDCA0A19}.Debug|Any CPU.Build.0 = Debug|iPhoneSimulator
		{97CD66E8-E8E3-4989-B64C-C582DDCA0A19}.Debug|Any CPU.Deploy.0 = Debug|iPhoneSimulator
		{97CD66E8-E8E3-4989-B64C-C582DDCA0A19}.Debug|ARM.ActiveCfg = Debug|iPhone
		{97CD66E8-E8E3-4989-B64C-C582DDCA0A19}.Debug|ARM.Build.0 = Debug|iPhone
		{97CD66E8-E8E3-4989-B64C-C582DDCA0A19}.Debug|ARM.Deploy.0 = Debug|iPhone
		{97CD66E8-E8E3-4989-B64C-C582DDCA0A19}.Debug|iPhone.ActiveCfg = Debug|iPhone
		{97CD66E8-E8E3-4989-B64C-C582DDCA0A19}.Debug|iPhone.Build.0 = Debug|iPhone
		{97CD66E8-E8E3-4989-B64C-C582DDCA0A19}.Debug|iPhone.Deploy.0 = Debug|iPhone
		{97CD66E8-E8E3-4989-B64C-C582DDCA0A19}.Debug|iPhoneSimulator.ActiveCfg = Debug|iPhoneSimulator
		{97CD66E8-E8E3-4989-B64C-C582DDCA0A19}.Debug|iPhoneSimulator.Build.0 = Debug|iPhoneSimulator
		{97CD66E8-E8E3-4989-B64C-C582DDCA0A19}.Debug|iPhoneSimulator.Deploy.0 = Debug|iPhoneSimulator
		{97CD66E8-E8E3-4989-B64C-C582DDCA0A19}.Debug|x64.ActiveCfg = Debug|iPhone
		{97CD66E8-E8E3-4989-B64C-C582DDCA0A19}.Debug|x64.Build.0 = Debug|iPhone
		{97CD66E8-E8E3-4989-B64C-C582DDCA0A19}.Debug|x64.Deploy.0 = Debug|iPhone
		{97CD66E8-E8E3-4989-B64C-C582DDCA0A19}.Debug|x86.ActiveCfg = Debug|iPhone
		{97CD66E8-E8E3-4989-B64C-C582DDCA0A19}.Debug|x86.Build.0 = Debug|iPhone
		{97CD66E8-E8E3-4989-B64C-C582DDCA0A19}.Debug|x86.Deploy.0 = Debug|iPhone
		{97CD66E8-E8E3-4989-B64C-C582DDCA0A19}.Release|Any CPU.ActiveCfg = Release|iPhone
		{97CD66E8-E8E3-4989-B64C-C582DDCA0A19}.Release|Any CPU.Build.0 = Release|iPhone
		{97CD66E8-E8E3-4989-B64C-C582DDCA0A19}.Release|Any CPU.Deploy.0 = Release|iPhone
		{97CD66E8-E8E3-4989-B64C-C582DDCA0A19}.Release|ARM.ActiveCfg = Release|iPhone
		{97CD66E8-E8E3-4989-B64C-C582DDCA0A19}.Release|ARM.Build.0 = Release|iPhone
		{97CD66E8-E8E3-4989-B64C-C582DDCA0A19}.Release|ARM.Deploy.0 = Release|iPhone
		{97CD66E8-E8E3-4989-B64C-C582DDCA0A19}.Release|iPhone.ActiveCfg = Release|iPhone
		{97CD66E8-E8E3-4989-B64C-C582DDCA0A19}.Release|iPhone.Build.0 = Release|iPhone
		{97CD66E8-E8E3-4989-B64C-C582DDCA0A19}.Release|iPhone.Deploy.0 = Release|iPhone
		{97CD66E8-E8E3-4989-B64C-C582DDCA0A19}.Release|iPhoneSimulator.ActiveCfg = Release|iPhoneSimulator
		{97CD66E8-E8E3-4989-B64C-C582DDCA0A19}.Release|iPhoneSimulator.Build.0 = Release|iPhoneSimulator
		{97CD66E8-E8E3-4989-B64C-C582DDCA0A19}.Release|iPhoneSimulator.Deploy.0 = Release|iPhoneSimulator
		{97CD66E8-E8E3-4989-B64C-C582DDCA0A19}.Release|x64.ActiveCfg = Release|iPhone
		{97CD66E8-E8E3-4989-B64C-C582DDCA0A19}.Release|x64.Build.0 = Release|iPhone
		{97CD66E8-E8E3-4989-B64C-C582DDCA0A19}.Release|x64.Deploy.0 = Release|iPhone
		{97CD66E8-E8E3-4989-B64C-C582DDCA0A19}.Release|x86.ActiveCfg = Release|iPhone
		{97CD66E8-E8E3-4989-B64C-C582DDCA0A19}.Release|x86.Build.0 = Release|iPhone
		{97CD66E8-E8E3-4989-B64C-C582DDCA0A19}.Release|x86.Deploy.0 = Release|iPhone
		{95E58A1B-2DB3-4414-A21A-E6A9C95BE6F6}.Ad-Hoc|Any CPU.ActiveCfg = Release|x86
		{95E58A1B-2DB3-4414-A21A-E6A9C95BE6F6}.Ad-Hoc|Any CPU.Build.0 = Release|x86
		{95E58A1B-2DB3-4414-A21A-E6A9C95BE6F6}.Ad-Hoc|Any CPU.Deploy.0 = Release|x86
		{95E58A1B-2DB3-4414-A21A-E6A9C95BE6F6}.Ad-Hoc|ARM.ActiveCfg = Release|ARM
		{95E58A1B-2DB3-4414-A21A-E6A9C95BE6F6}.Ad-Hoc|ARM.Build.0 = Release|ARM
		{95E58A1B-2DB3-4414-A21A-E6A9C95BE6F6}.Ad-Hoc|ARM.Deploy.0 = Release|ARM
		{95E58A1B-2DB3-4414-A21A-E6A9C95BE6F6}.Ad-Hoc|iPhone.ActiveCfg = Release|x86
		{95E58A1B-2DB3-4414-A21A-E6A9C95BE6F6}.Ad-Hoc|iPhone.Build.0 = Release|x86
		{95E58A1B-2DB3-4414-A21A-E6A9C95BE6F6}.Ad-Hoc|iPhone.Deploy.0 = Release|x86
		{95E58A1B-2DB3-4414-A21A-E6A9C95BE6F6}.Ad-Hoc|iPhoneSimulator.ActiveCfg = Release|x86
		{95E58A1B-2DB3-4414-A21A-E6A9C95BE6F6}.Ad-Hoc|iPhoneSimulator.Build.0 = Release|x86
		{95E58A1B-2DB3-4414-A21A-E6A9C95BE6F6}.Ad-Hoc|iPhoneSimulator.Deploy.0 = Release|x86
		{95E58A1B-2DB3-4414-A21A-E6A9C95BE6F6}.Ad-Hoc|x64.ActiveCfg = Release|x64
		{95E58A1B-2DB3-4414-A21A-E6A9C95BE6F6}.Ad-Hoc|x64.Build.0 = Release|x64
		{95E58A1B-2DB3-4414-A21A-E6A9C95BE6F6}.Ad-Hoc|x64.Deploy.0 = Release|x64
		{95E58A1B-2DB3-4414-A21A-E6A9C95BE6F6}.Ad-Hoc|x86.ActiveCfg = Release|x86
		{95E58A1B-2DB3-4414-A21A-E6A9C95BE6F6}.Ad-Hoc|x86.Build.0 = Release|x86
		{95E58A1B-2DB3-4414-A21A-E6A9C95BE6F6}.Ad-Hoc|x86.Deploy.0 = Release|x86
		{95E58A1B-2DB3-4414-A21A-E6A9C95BE6F6}.AppStore|Any CPU.ActiveCfg = Release|x86
		{95E58A1B-2DB3-4414-A21A-E6A9C95BE6F6}.AppStore|Any CPU.Build.0 = Release|x86
		{95E58A1B-2DB3-4414-A21A-E6A9C95BE6F6}.AppStore|Any CPU.Deploy.0 = Release|x86
		{95E58A1B-2DB3-4414-A21A-E6A9C95BE6F6}.AppStore|ARM.ActiveCfg = Release|ARM
		{95E58A1B-2DB3-4414-A21A-E6A9C95BE6F6}.AppStore|ARM.Build.0 = Release|ARM
		{95E58A1B-2DB3-4414-A21A-E6A9C95BE6F6}.AppStore|ARM.Deploy.0 = Release|ARM
		{95E58A1B-2DB3-4414-A21A-E6A9C95BE6F6}.AppStore|iPhone.ActiveCfg = Release|x86
		{95E58A1B-2DB3-4414-A21A-E6A9C95BE6F6}.AppStore|iPhone.Build.0 = Release|x86
		{95E58A1B-2DB3-4414-A21A-E6A9C95BE6F6}.AppStore|iPhone.Deploy.0 = Release|x86
		{95E58A1B-2DB3-4414-A21A-E6A9C95BE6F6}.AppStore|iPhoneSimulator.ActiveCfg = Release|x86
		{95E58A1B-2DB3-4414-A21A-E6A9C95BE6F6}.AppStore|iPhoneSimulator.Build.0 = Release|x86
		{95E58A1B-2DB3-4414-A21A-E6A9C95BE6F6}.AppStore|iPhoneSimulator.Deploy.0 = Release|x86
		{95E58A1B-2DB3-4414-A21A-E6A9C95BE6F6}.AppStore|x64.ActiveCfg = Release|x64
		{95E58A1B-2DB3-4414-A21A-E6A9C95BE6F6}.AppStore|x64.Build.0 = Release|x64
		{95E58A1B-2DB3-4414-A21A-E6A9C95BE6F6}.AppStore|x64.Deploy.0 = Release|x64
		{95E58A1B-2DB3-4414-A21A-E6A9C95BE6F6}.AppStore|x86.ActiveCfg = Release|x86
		{95E58A1B-2DB3-4414-A21A-E6A9C95BE6F6}.AppStore|x86.Build.0 = Release|x86
		{95E58A1B-2DB3-4414-A21A-E6A9C95BE6F6}.AppStore|x86.Deploy.0 = Release|x86
		{95E58A1B-2DB3-4414-A21A-E6A9C95BE6F6}.Debug|Any CPU.ActiveCfg = Debug|x86
		{95E58A1B-2DB3-4414-A21A-E6A9C95BE6F6}.Debug|Any CPU.Build.0 = Debug|x86
		{95E58A1B-2DB3-4414-A21A-E6A9C95BE6F6}.Debug|Any CPU.Deploy.0 = Debug|x86
		{95E58A1B-2DB3-4414-A21A-E6A9C95BE6F6}.Debug|ARM.ActiveCfg = Debug|ARM
		{95E58A1B-2DB3-4414-A21A-E6A9C95BE6F6}.Debug|ARM.Build.0 = Debug|ARM
		{95E58A1B-2DB3-4414-A21A-E6A9C95BE6F6}.Debug|ARM.Deploy.0 = Debug|ARM
		{95E58A1B-2DB3-4414-A21A-E6A9C95BE6F6}.Debug|iPhone.ActiveCfg = Debug|x86
		{95E58A1B-2DB3-4414-A21A-E6A9C95BE6F6}.Debug|iPhone.Build.0 = Debug|x86
		{95E58A1B-2DB3-4414-A21A-E6A9C95BE6F6}.Debug|iPhone.Deploy.0 = Debug|x86
		{95E58A1B-2DB3-4414-A21A-E6A9C95BE6F6}.Debug|iPhoneSimulator.ActiveCfg = Debug|x86
		{95E58A1B-2DB3-4414-A21A-E6A9C95BE6F6}.Debug|iPhoneSimulator.Build.0 = Debug|x86
		{95E58A1B-2DB3-4414-A21A-E6A9C95BE6F6}.Debug|iPhoneSimulator.Deploy.0 = Debug|x86
		{95E58A1B-2DB3-4414-A21A-E6A9C95BE6F6}.Debug|x64.ActiveCfg = Debug|x64
		{95E58A1B-2DB3-4414-A21A-E6A9C95BE6F6}.Debug|x64.Build.0 = Debug|x64
		{95E58A1B-2DB3-4414-A21A-E6A9C95BE6F6}.Debug|x64.Deploy.0 = Debug|x64
		{95E58A1B-2DB3-4414-A21A-E6A9C95BE6F6}.Debug|x86.ActiveCfg = Debug|x86
		{95E58A1B-2DB3-4414-A21A-E6A9C95BE6F6}.Debug|x86.Build.0 = Debug|x86
		{95E58A1B-2DB3-4414-A21A-E6A9C95BE6F6}.Debug|x86.Deploy.0 = Debug|x86
		{95E58A1B-2DB3-4414-A21A-E6A9C95BE6F6}.Release|Any CPU.ActiveCfg = Release|x86
		{95E58A1B-2DB3-4414-A21A-E6A9C95BE6F6}.Release|Any CPU.Build.0 = Release|x86
		{95E58A1B-2DB3-4414-A21A-E6A9C95BE6F6}.Release|Any CPU.Deploy.0 = Release|x86
		{95E58A1B-2DB3-4414-A21A-E6A9C95BE6F6}.Release|ARM.ActiveCfg = Release|ARM
		{95E58A1B-2DB3-4414-A21A-E6A9C95BE6F6}.Release|ARM.Build.0 = Release|ARM
		{95E58A1B-2DB3-4414-A21A-E6A9C95BE6F6}.Release|ARM.Deploy.0 = Release|ARM
		{95E58A1B-2DB3-4414-A21A-E6A9C95BE6F6}.Release|iPhone.ActiveCfg = Release|x86
		{95E58A1B-2DB3-4414-A21A-E6A9C95BE6F6}.Release|iPhone.Build.0 = Release|x86
		{95E58A1B-2DB3-4414-A21A-E6A9C95BE6F6}.Release|iPhone.Deploy.0 = Release|x86
		{95E58A1B-2DB3-4414-A21A-E6A9C95BE6F6}.Release|iPhoneSimulator.ActiveCfg = Release|x86
		{95E58A1B-2DB3-4414-A21A-E6A9C95BE6F6}.Release|iPhoneSimulator.Build.0 = Release|x86
		{95E58A1B-2DB3-4414-A21A-E6A9C95BE6F6}.Release|iPhoneSimulator.Deploy.0 = Release|x86
		{95E58A1B-2DB3-4414-A21A-E6A9C95BE6F6}.Release|x64.ActiveCfg = Release|x64
		{95E58A1B-2DB3-4414-A21A-E6A9C95BE6F6}.Release|x64.Build.0 = Release|x64
		{95E58A1B-2DB3-4414-A21A-E6A9C95BE6F6}.Release|x64.Deploy.0 = Release|x64
		{95E58A1B-2DB3-4414-A21A-E6A9C95BE6F6}.Release|x86.ActiveCfg = Release|x86
		{95E58A1B-2DB3-4414-A21A-E6A9C95BE6F6}.Release|x86.Build.0 = Release|x86
		{95E58A1B-2DB3-4414-A21A-E6A9C95BE6F6}.Release|x86.Deploy.0 = Release|x86
		{645BDE67-B5EB-422A-8AC6-B83E9824C8D8}.Ad-Hoc|Any CPU.ActiveCfg = Debug|Any CPU
		{645BDE67-B5EB-422A-8AC6-B83E9824C8D8}.Ad-Hoc|Any CPU.Build.0 = Debug|Any CPU
		{645BDE67-B5EB-422A-8AC6-B83E9824C8D8}.Ad-Hoc|Any CPU.Deploy.0 = Debug|Any CPU
		{645BDE67-B5EB-422A-8AC6-B83E9824C8D8}.Ad-Hoc|ARM.ActiveCfg = Debug|Any CPU
		{645BDE67-B5EB-422A-8AC6-B83E9824C8D8}.Ad-Hoc|ARM.Build.0 = Debug|Any CPU
		{645BDE67-B5EB-422A-8AC6-B83E9824C8D8}.Ad-Hoc|ARM.Deploy.0 = Debug|Any CPU
		{645BDE67-B5EB-422A-8AC6-B83E9824C8D8}.Ad-Hoc|iPhone.ActiveCfg = Debug|Any CPU
		{645BDE67-B5EB-422A-8AC6-B83E9824C8D8}.Ad-Hoc|iPhone.Build.0 = Debug|Any CPU
		{645BDE67-B5EB-422A-8AC6-B83E9824C8D8}.Ad-Hoc|iPhone.Deploy.0 = Debug|Any CPU
		{645BDE67-B5EB-422A-8AC6-B83E9824C8D8}.Ad-Hoc|iPhoneSimulator.ActiveCfg = Debug|Any CPU
		{645BDE67-B5EB-422A-8AC6-B83E9824C8D8}.Ad-Hoc|iPhoneSimulator.Build.0 = Debug|Any CPU
		{645BDE67-B5EB-422A-8AC6-B83E9824C8D8}.Ad-Hoc|iPhoneSimulator.Deploy.0 = Debug|Any CPU
		{645BDE67-B5EB-422A-8AC6-B83E9824C8D8}.Ad-Hoc|x64.ActiveCfg = Debug|Any CPU
		{645BDE67-B5EB-422A-8AC6-B83E9824C8D8}.Ad-Hoc|x64.Build.0 = Debug|Any CPU
		{645BDE67-B5EB-422A-8AC6-B83E9824C8D8}.Ad-Hoc|x64.Deploy.0 = Debug|Any CPU
		{645BDE67-B5EB-422A-8AC6-B83E9824C8D8}.Ad-Hoc|x86.ActiveCfg = Debug|Any CPU
		{645BDE67-B5EB-422A-8AC6-B83E9824C8D8}.Ad-Hoc|x86.Build.0 = Debug|Any CPU
		{645BDE67-B5EB-422A-8AC6-B83E9824C8D8}.Ad-Hoc|x86.Deploy.0 = Debug|Any CPU
		{645BDE67-B5EB-422A-8AC6-B83E9824C8D8}.AppStore|Any CPU.ActiveCfg = Debug|Any CPU
		{645BDE67-B5EB-422A-8AC6-B83E9824C8D8}.AppStore|Any CPU.Build.0 = Debug|Any CPU
		{645BDE67-B5EB-422A-8AC6-B83E9824C8D8}.AppStore|Any CPU.Deploy.0 = Debug|Any CPU
		{645BDE67-B5EB-422A-8AC6-B83E9824C8D8}.AppStore|ARM.ActiveCfg = Debug|Any CPU
		{645BDE67-B5EB-422A-8AC6-B83E9824C8D8}.AppStore|ARM.Build.0 = Debug|Any CPU
		{645BDE67-B5EB-422A-8AC6-B83E9824C8D8}.AppStore|ARM.Deploy.0 = Debug|Any CPU
		{645BDE67-B5EB-422A-8AC6-B83E9824C8D8}.AppStore|iPhone.ActiveCfg = Debug|Any CPU
		{645BDE67-B5EB-422A-8AC6-B83E9824C8D8}.AppStore|iPhone.Build.0 = Debug|Any CPU
		{645BDE67-B5EB-422A-8AC6-B83E9824C8D8}.AppStore|iPhone.Deploy.0 = Debug|Any CPU
		{645BDE67-B5EB-422A-8AC6-B83E9824C8D8}.AppStore|iPhoneSimulator.ActiveCfg = Debug|Any CPU
		{645BDE67-B5EB-422A-8AC6-B83E9824C8D8}.AppStore|iPhoneSimulator.Build.0 = Debug|Any CPU
		{645BDE67-B5EB-422A-8AC6-B83E9824C8D8}.AppStore|iPhoneSimulator.Deploy.0 = Debug|Any CPU
		{645BDE67-B5EB-422A-8AC6-B83E9824C8D8}.AppStore|x64.ActiveCfg = Debug|Any CPU
		{645BDE67-B5EB-422A-8AC6-B83E9824C8D8}.AppStore|x64.Build.0 = Debug|Any CPU
		{645BDE67-B5EB-422A-8AC6-B83E9824C8D8}.AppStore|x64.Deploy.0 = Debug|Any CPU
		{645BDE67-B5EB-422A-8AC6-B83E9824C8D8}.AppStore|x86.ActiveCfg = Debug|Any CPU
		{645BDE67-B5EB-422A-8AC6-B83E9824C8D8}.AppStore|x86.Build.0 = Debug|Any CPU
		{645BDE67-B5EB-422A-8AC6-B83E9824C8D8}.AppStore|x86.Deploy.0 = Debug|Any CPU
		{645BDE67-B5EB-422A-8AC6-B83E9824C8D8}.Debug|Any CPU.ActiveCfg = Debug|Any CPU
		{645BDE67-B5EB-422A-8AC6-B83E9824C8D8}.Debug|Any CPU.Build.0 = Debug|Any CPU
		{645BDE67-B5EB-422A-8AC6-B83E9824C8D8}.Debug|Any CPU.Deploy.0 = Debug|Any CPU
		{645BDE67-B5EB-422A-8AC6-B83E9824C8D8}.Debug|ARM.ActiveCfg = Debug|Any CPU
		{645BDE67-B5EB-422A-8AC6-B83E9824C8D8}.Debug|ARM.Build.0 = Debug|Any CPU
		{645BDE67-B5EB-422A-8AC6-B83E9824C8D8}.Debug|ARM.Deploy.0 = Debug|Any CPU
		{645BDE67-B5EB-422A-8AC6-B83E9824C8D8}.Debug|iPhone.ActiveCfg = Debug|Any CPU
		{645BDE67-B5EB-422A-8AC6-B83E9824C8D8}.Debug|iPhone.Build.0 = Debug|Any CPU
		{645BDE67-B5EB-422A-8AC6-B83E9824C8D8}.Debug|iPhone.Deploy.0 = Debug|Any CPU
		{645BDE67-B5EB-422A-8AC6-B83E9824C8D8}.Debug|iPhoneSimulator.ActiveCfg = Debug|Any CPU
		{645BDE67-B5EB-422A-8AC6-B83E9824C8D8}.Debug|iPhoneSimulator.Build.0 = Debug|Any CPU
		{645BDE67-B5EB-422A-8AC6-B83E9824C8D8}.Debug|iPhoneSimulator.Deploy.0 = Debug|Any CPU
		{645BDE67-B5EB-422A-8AC6-B83E9824C8D8}.Debug|x64.ActiveCfg = Debug|Any CPU
		{645BDE67-B5EB-422A-8AC6-B83E9824C8D8}.Debug|x64.Build.0 = Debug|Any CPU
		{645BDE67-B5EB-422A-8AC6-B83E9824C8D8}.Debug|x64.Deploy.0 = Debug|Any CPU
		{645BDE67-B5EB-422A-8AC6-B83E9824C8D8}.Debug|x86.ActiveCfg = Debug|Any CPU
		{645BDE67-B5EB-422A-8AC6-B83E9824C8D8}.Debug|x86.Build.0 = Debug|Any CPU
		{645BDE67-B5EB-422A-8AC6-B83E9824C8D8}.Debug|x86.Deploy.0 = Debug|Any CPU
		{645BDE67-B5EB-422A-8AC6-B83E9824C8D8}.Release|Any CPU.ActiveCfg = Release|Any CPU
		{645BDE67-B5EB-422A-8AC6-B83E9824C8D8}.Release|Any CPU.Build.0 = Release|Any CPU
		{645BDE67-B5EB-422A-8AC6-B83E9824C8D8}.Release|Any CPU.Deploy.0 = Release|Any CPU
		{645BDE67-B5EB-422A-8AC6-B83E9824C8D8}.Release|ARM.ActiveCfg = Release|Any CPU
		{645BDE67-B5EB-422A-8AC6-B83E9824C8D8}.Release|ARM.Build.0 = Release|Any CPU
		{645BDE67-B5EB-422A-8AC6-B83E9824C8D8}.Release|ARM.Deploy.0 = Release|Any CPU
		{645BDE67-B5EB-422A-8AC6-B83E9824C8D8}.Release|iPhone.ActiveCfg = Release|Any CPU
		{645BDE67-B5EB-422A-8AC6-B83E9824C8D8}.Release|iPhone.Build.0 = Release|Any CPU
		{645BDE67-B5EB-422A-8AC6-B83E9824C8D8}.Release|iPhone.Deploy.0 = Release|Any CPU
		{645BDE67-B5EB-422A-8AC6-B83E9824C8D8}.Release|iPhoneSimulator.ActiveCfg = Release|Any CPU
		{645BDE67-B5EB-422A-8AC6-B83E9824C8D8}.Release|iPhoneSimulator.Build.0 = Release|Any CPU
		{645BDE67-B5EB-422A-8AC6-B83E9824C8D8}.Release|iPhoneSimulator.Deploy.0 = Release|Any CPU
		{645BDE67-B5EB-422A-8AC6-B83E9824C8D8}.Release|x64.ActiveCfg = Release|Any CPU
		{645BDE67-B5EB-422A-8AC6-B83E9824C8D8}.Release|x64.Build.0 = Release|Any CPU
		{645BDE67-B5EB-422A-8AC6-B83E9824C8D8}.Release|x64.Deploy.0 = Release|Any CPU
		{645BDE67-B5EB-422A-8AC6-B83E9824C8D8}.Release|x86.ActiveCfg = Release|Any CPU
		{645BDE67-B5EB-422A-8AC6-B83E9824C8D8}.Release|x86.Build.0 = Release|Any CPU
		{645BDE67-B5EB-422A-8AC6-B83E9824C8D8}.Release|x86.Deploy.0 = Release|Any CPU
	EndGlobalSection
	GlobalSection(SolutionProperties) = preSolution
		HideSolutionNode = FALSE
	EndGlobalSection
	GlobalSection(ExtensibilityGlobals) = postSolution
		SolutionGuid = {B494ED47-B257-45AB-895B-FC61AF362B92}
	EndGlobalSection
EndGlobal
